
Microsoft Visual Studio Solution File, Format Version 11.00
# Visual Studio 2010
Project("{FAE04EC0-301F-11D3-BF4B-00C04F79EFBC}") = "Assembly-CSharp", "Assembly-CSharp.csproj", "{b503daad-949a-05ef-0809-e3812dba36e4}"
EndProject
Project("{FAE04EC0-301F-11D3-BF4B-00C04F79EFBC}") = "Assembly-CSharp-Editor", "Assembly-CSharp-Editor.csproj", "{e05a1936-c0fc-d3e4-ba04-256d6b7dfb86}"
EndProject
Global
	GlobalSection(SolutionConfigurationPlatforms) = preSolution
		Debug|Any CPU = Debug|Any CPU
	EndGlobalSection
	GlobalSection(ProjectConfigurationPlatforms) = postSolution
		{b503daad-949a-05ef-0809-e3812dba36e4}.Debug|Any CPU.ActiveCfg = Debug|Any CPU
		{b503daad-949a-05ef-0809-e3812dba36e4}.Debug|Any CPU.Build.0 = Debug|Any CPU
		{e05a1936-c0fc-d3e4-ba04-256d6b7dfb86}.Debug|Any CPU.ActiveCfg = Debug|Any CPU
		{e05a1936-c0fc-d3e4-ba04-256d6b7dfb86}.Debug|Any CPU.Build.0 = Debug|Any CPU
	EndGlobalSection
	GlobalSection(SolutionProperties) = preSolution
		HideSolutionNode = FALSE
	EndGlobalSection
EndGlobal
